// !$*UTF8*$!
{
	archiveVersion = 1;
	classes = {
	};
	objectVersion = 55;
	objects = {

/* Begin PBXBuildFile section */
		040945B728EC41D500D872BE /* AppDelegate.swift in Sources */ = {isa = PBXBuildFile; fileRef = 040945B628EC41D500D872BE /* AppDelegate.swift */; };
		040945B928EC41D500D872BE /* SceneDelegate.swift in Sources */ = {isa = PBXBuildFile; fileRef = 040945B828EC41D500D872BE /* SceneDelegate.swift */; };
		040945BB28EC41D500D872BE /* ViewController.swift in Sources */ = {isa = PBXBuildFile; fileRef = 040945BA28EC41D500D872BE /* ViewController.swift */; };
		040945BE28EC41D500D872BE /* Main.storyboard in Resources */ = {isa = PBXBuildFile; fileRef = 040945BC28EC41D500D872BE /* Main.storyboard */; };
		040945C028EC41D900D872BE /* Assets.xcassets in Resources */ = {isa = PBXBuildFile; fileRef = 040945BF28EC41D900D872BE /* Assets.xcassets */; };
		040945C328EC41D900D872BE /* LaunchScreen.storyboard in Resources */ = {isa = PBXBuildFile; fileRef = 040945C128EC41D900D872BE /* LaunchScreen.storyboard */; };
		040945CC28EC491100D872BE /* ProfilePictureTableViewCell.swift in Sources */ = {isa = PBXBuildFile; fileRef = 040945CA28EC491100D872BE /* ProfilePictureTableViewCell.swift */; };
		040945CD28EC491100D872BE /* ProfilePictureTableViewCell.xib in Resources */ = {isa = PBXBuildFile; fileRef = 040945CB28EC491100D872BE /* ProfilePictureTableViewCell.xib */; };
		040945D428EF369F00D872BE /* InformationTableViewCell.swift in Sources */ = {isa = PBXBuildFile; fileRef = 040945D228EF369F00D872BE /* InformationTableViewCell.swift */; };
		040945D528EF369F00D872BE /* InformationTableViewCell.xib in Resources */ = {isa = PBXBuildFile; fileRef = 040945D328EF369F00D872BE /* InformationTableViewCell.xib */; };
		040945D728F8200500D872BE /* UserInformation.swift in Sources */ = {isa = PBXBuildFile; fileRef = 040945D628F8200500D872BE /* UserInformation.swift */; };
/* End PBXBuildFile section */

/* Begin PBXFileReference section */
		040945B328EC41D500D872BE /* Social Media.app */ = {isa = PBXFileReference; explicitFileType = wrapper.application; includeInIndex = 0; path = "Social Media.app"; sourceTree = BUILT_PRODUCTS_DIR; };
		040945B628EC41D500D872BE /* AppDelegate.swift */ = {isa = PBXFileReference; lastKnownFileType = sourcecode.swift; path = AppDelegate.swift; sourceTree = "<group>"; };
		040945B828EC41D500D872BE /* SceneDelegate.swift */ = {isa = PBXFileReference; lastKnownFileType = sourcecode.swift; path = SceneDelegate.swift; sourceTree = "<group>"; };
		040945BA28EC41D500D872BE /* ViewController.swift */ = {isa = PBXFileReference; lastKnownFileType = sourcecode.swift; path = ViewController.swift; sourceTree = "<group>"; };
		040945BD28EC41D500D872BE /* Base */ = {isa = PBXFileReference; lastKnownFileType = file.storyboard; name = Base; path = Base.lproj/Main.storyboard; sourceTree = "<group>"; };
		040945BF28EC41D900D872BE /* Assets.xcassets */ = {isa = PBXFileReference; lastKnownFileType = folder.assetcatalog; path = Assets.xcassets; sourceTree = "<group>"; };
		040945C228EC41D900D872BE /* Base */ = {isa = PBXFileReference; lastKnownFileType = file.storyboard; name = Base; path = Base.lproj/LaunchScreen.storyboard; sourceTree = "<group>"; };
		040945C428EC41D900D872BE /* Info.plist */ = {isa = PBXFileReference; lastKnownFileType = text.plist.xml; path = Info.plist; sourceTree = "<group>"; };
		040945CA28EC491100D872BE /* ProfilePictureTableViewCell.swift */ = {isa = PBXFileReference; lastKnownFileType = sourcecode.swift; path = ProfilePictureTableViewCell.swift; sourceTree = "<group>"; };
		040945CB28EC491100D872BE /* ProfilePictureTableViewCell.xib */ = {isa = PBXFileReference; lastKnownFileType = file.xib; path = ProfilePictureTableViewCell.xib; sourceTree = "<group>"; };
		040945D228EF369F00D872BE /* InformationTableViewCell.swift */ = {isa = PBXFileReference; lastKnownFileType = sourcecode.swift; path = InformationTableViewCell.swift; sourceTree = "<group>"; };
		040945D328EF369F00D872BE /* InformationTableViewCell.xib */ = {isa = PBXFileReference; lastKnownFileType = file.xib; path = InformationTableViewCell.xib; sourceTree = "<group>"; };
		040945D628F8200500D872BE /* UserInformation.swift */ = {isa = PBXFileReference; lastKnownFileType = sourcecode.swift; path = UserInformation.swift; sourceTree = "<group>"; };
/* End PBXFileReference section */

/* Begin PBXFrameworksBuildPhase section */
		040945B028EC41D500D872BE /* Frameworks */ = {
			isa = PBXFrameworksBuildPhase;
			buildActionMask = 2147483647;
			files = (
			);
			runOnlyForDeploymentPostprocessing = 0;
		};
/* End PBXFrameworksBuildPhase section */

/* Begin PBXGroup section */
		040945AA28EC41D500D872BE = {
			isa = PBXGroup;
			children = (
				040945B528EC41D500D872BE /* Social Media */,
				040945B428EC41D500D872BE /* Products */,
			);
			sourceTree = "<group>";
		};
		040945B428EC41D500D872BE /* Products */ = {
			isa = PBXGroup;
			children = (
				040945B328EC41D500D872BE /* Social Media.app */,
			);
			name = Products;
			sourceTree = "<group>";
		};
		040945B528EC41D500D872BE /* Social Media */ = {
			isa = PBXGroup;
			children = (
				040945B628EC41D500D872BE /* AppDelegate.swift */,
				040945B828EC41D500D872BE /* SceneDelegate.swift */,
				040945BA28EC41D500D872BE /* ViewController.swift */,
				040945D628F8200500D872BE /* UserInformation.swift */,
				040945CA28EC491100D872BE /* ProfilePictureTableViewCell.swift */,
				040945CB28EC491100D872BE /* ProfilePictureTableViewCell.xib */,
				040945D228EF369F00D872BE /* InformationTableViewCell.swift */,
				040945D328EF369F00D872BE /* InformationTableViewCell.xib */,
				040945BC28EC41D500D872BE /* Main.storyboard */,
				040945BF28EC41D900D872BE /* Assets.xcassets */,
				040945C128EC41D900D872BE /* LaunchScreen.storyboard */,
				040945C428EC41D900D872BE /* Info.plist */,
			);
			path = "Social Media";
			sourceTree = "<group>";
		};
/* End PBXGroup section */

/* Begin PBXNativeTarget section */
		040945B228EC41D500D872BE /* Social Media */ = {
			isa = PBXNativeTarget;
			buildConfigurationList = 040945C728EC41D900D872BE /* Build configuration list for PBXNativeTarget "Social Media" */;
			buildPhases = (
				040945AF28EC41D500D872BE /* Sources */,
				040945B028EC41D500D872BE /* Frameworks */,
				040945B128EC41D500D872BE /* Resources */,
			);
			buildRules = (
			);
			dependencies = (
			);
			name = "Social Media";
			productName = "Social Media";
			productReference = 040945B328EC41D500D872BE /* Social Media.app */;
			productType = "com.apple.product-type.application";
		};
/* End PBXNativeTarget section */

/* Begin PBXProject section */
		040945AB28EC41D500D872BE /* Project object */ = {
			isa = PBXProject;
			attributes = {
				BuildIndependentTargetsInParallel = 1;
				LastSwiftUpdateCheck = 1320;
				LastUpgradeCheck = 1320;
				TargetAttributes = {
					040945B228EC41D500D872BE = {
						CreatedOnToolsVersion = 13.2;
					};
				};
			};
			buildConfigurationList = 040945AE28EC41D500D872BE /* Build configuration list for PBXProject "Social Media" */;
			compatibilityVersion = "Xcode 13.0";
			developmentRegion = en;
			hasScannedForEncodings = 0;
			knownRegions = (
				en,
				Base,
			);
			mainGroup = 040945AA28EC41D500D872BE;
			productRefGroup = 040945B428EC41D500D872BE /* Products */;
			projectDirPath = "";
			projectRoot = "";
			targets = (
				040945B228EC41D500D872BE /* Social Media */,
			);
		};
/* End PBXProject section */

/* Begin PBXResourcesBuildPhase section */
		040945B128EC41D500D872BE /* Resources */ = {
			isa = PBXResourcesBuildPhase;
			buildActionMask = 2147483647;
			files = (
				040945C328EC41D900D872BE /* LaunchScreen.storyboard in Resources */,
				040945C028EC41D900D872BE /* Assets.xcassets in Resources */,
				040945CD28EC491100D872BE /* ProfilePictureTableViewCell.xib in Resources */,
				040945D528EF369F00D872BE /* InformationTableViewCell.xib in Resources */,
				040945BE28EC41D500D872BE /* Main.storyboard in Resources */,
			);
			runOnlyForDeploymentPostprocessing = 0;
		};
/* End PBXResourcesBuildPhase section */

/* Begin PBXSourcesBuildPhase section */
		040945AF28EC41D500D872BE /* Sources */ = {
			isa = PBXSourcesBuildPhase;
			buildActionMask = 2147483647;
			files = (
				040945D728F8200500D872BE /* UserInformation.swift in Sources */,
				040945BB28EC41D500D872BE /* ViewController.swift in Sources */,
				040945B728EC41D500D872BE /* AppDelegate.swift in Sources */,
				040945CC28EC491100D872BE /* ProfilePictureTableViewCell.swift in Sources */,
				040945D428EF369F00D872BE /* InformationTableViewCell.swift in Sources */,
				040945B928EC41D500D872BE /* SceneDelegate.swift in Sources */,
			);
			runOnlyForDeploymentPostprocessing = 0;
		};
/* End PBXSourcesBuildPhase section */

/* Begin PBXVariantGroup section */
		040945BC28EC41D500D872BE /* Main.storyboard */ = {
			isa = PBXVariantGroup;
			children = (
				040945BD28EC41D500D872BE /* Base */,
			);
			name = Main.storyboard;
			sourceTree = "<group>";
		};
		040945C128EC41D900D872BE /* LaunchScreen.storyboard */ = {
			isa = PBXVariantGroup;
			children = (
				040945C228EC41D900D872BE /* Base */,
			);
			name = LaunchScreen.storyboard;
			sourceTree = "<group>";
		};
/* End PBXVariantGroup section */

/* Begin XCBuildConfiguration section */
		040945C528EC41D900D872BE /* Debug */ = {
			isa = XCBuildConfiguration;
			buildSettings = {
				ALWAYS_SEARCH_USER_PATHS = NO;
				CLANG_ANALYZER_NONNULL = YES;
				CLANG_ANALYZER_NUMBER_OBJECT_CONVERSION = YES_AGGRESSIVE;
				CLANG_CXX_LANGUAGE_STANDARD = "gnu++17";
				CLANG_CXX_LIBRARY = "libc++";
				CLANG_ENABLE_MODULES = YES;
				CLANG_ENABLE_OBJC_ARC = YES;
				CLANG_ENABLE_OBJC_WEAK = YES;
				CLANG_WARN_BLOCK_CAPTURE_AUTORELEASING = YES;
				CLANG_WARN_BOOL_CONVERSION = YES;
				CLANG_WARN_COMMA = YES;
				CLANG_WARN_CONSTANT_CONVERSION = YES;
				CLANG_WARN_DEPRECATED_OBJC_IMPLEMENTATIONS = YES;
				CLANG_WARN_DIRECT_OBJC_ISA_USAGE = YES_ERROR;
				CLANG_WARN_DOCUMENTATION_COMMENTS = YES;
				CLANG_WARN_EMPTY_BODY = YES;
				CLANG_WARN_ENUM_CONVERSION = YES;
				CLANG_WARN_INFINITE_RECURSION = YES;
				CLANG_WARN_INT_CONVERSION = YES;
				CLANG_WARN_NON_LITERAL_NULL_CONVERSION = YES;
				CLANG_WARN_OBJC_IMPLICIT_RETAIN_SELF = YES;
				CLANG_WARN_OBJC_LITERAL_CONVERSION = YES;
				CLANG_WARN_OBJC_ROOT_CLASS = YES_ERROR;
				CLANG_WARN_QUOTED_INCLUDE_IN_FRAMEWORK_HEADER = YES;
				CLANG_WARN_RANGE_LOOP_ANALYSIS = YES;
				CLANG_WARN_STRICT_PROTOTYPES = YES;
				CLANG_WARN_SUSPICIOUS_MOVE = YES;
				CLANG_WARN_UNGUARDED_AVAILABILITY = YES_AGGRESSIVE;
				CLANG_WARN_UNREACHABLE_CODE = YES;
				CLANG_WARN__DUPLICATE_METHOD_MATCH = YES;
				COPY_PHASE_STRIP = NO;
				DEBUG_INFORMATION_FORMAT = dwarf;
				ENABLE_STRICT_OBJC_MSGSEND = YES;
				ENABLE_TESTABILITY = YES;
				GCC_C_LANGUAGE_STANDARD = gnu11;
				GCC_DYNAMIC_NO_PIC = NO;
				GCC_NO_COMMON_BLOCKS = YES;
				GCC_OPTIMIZATION_LEVEL = 0;
				GCC_PREPROCESSOR_DEFINITIONS = (
					"DEBUG=1",
					"$(inherited)",
				);
				GCC_WARN_64_TO_32_BIT_CONVERSION = YES;
				GCC_WARN_ABOUT_RETURN_TYPE = YES_ERROR;
				GCC_WARN_UNDECLARED_SELECTOR = YES;
				GCC_WARN_UNINITIALIZED_AUTOS = YES_AGGRESSIVE;
				GCC_WARN_UNUSED_FUNCTION = YES;
				GCC_WARN_UNUSED_VARIABLE = YES;
				IPHONEOS_DEPLOYMENT_TARGET = 15.2;
				MTL_ENABLE_DEBUG_INFO = INCLUDE_SOURCE;
				MTL_FAST_MATH = YES;
				ONLY_ACTIVE_ARCH = YES;
				SDKROOT = iphoneos;
				SWIFT_ACTIVE_COMPILATION_CONDITIONS = DEBUG;
				SWIFT_OPTIMIZATION_LEVEL = "-Onone";
			};
			name = Debug;
		};
		040945C628EC41D900D872BE /* Release */ = {
			isa = XCBuildConfiguration;
			buildSettings = {
				ALWAYS_SEARCH_USER_PATHS = NO;
				CLANG_ANALYZER_NONNULL = YES;
				CLANG_ANALYZER_NUMBER_OBJECT_CONVERSION = YES_AGGRESSIVE;
				CLANG_CXX_LANGUAGE_STANDARD = "gnu++17";
				CLANG_CXX_LIBRARY = "libc++";
				CLANG_ENABLE_MODULES = YES;
				CLANG_ENABLE_OBJC_ARC = YES;
				CLANG_ENABLE_OBJC_WEAK = YES;
				CLANG_WARN_BLOCK_CAPTURE_AUTORELEASING = YES;
				CLANG_WARN_BOOL_CONVERSION = YES;
				CLANG_WARN_COMMA = YES;
				CLANG_WARN_CONSTANT_CONVERSION = YES;
				CLANG_WARN_DEPRECATED_OBJC_IMPLEMENTATIONS = YES;
				CLANG_WARN_DIRECT_OBJC_ISA_USAGE = YES_ERROR;
				CLANG_WARN_DOCUMENTATION_COMMENTS = YES;
				CLANG_WARN_EMPTY_BODY = YES;
				CLANG_WARN_ENUM_CONVERSION = YES;
				CLANG_WARN_INFINITE_RECURSION = YES;
				CLANG_WARN_INT_CONVERSION = YES;
				CLANG_WARN_NON_LITERAL_NULL_CONVERSION = YES;
				CLANG_WARN_OBJC_IMPLICIT_RETAIN_SELF = YES;
				CLANG_WARN_OBJC_LITERAL_CONVERSION = YES;
				CLANG_WARN_OBJC_ROOT_CLASS = YES_ERROR;
				CLANG_WARN_QUOTED_INCLUDE_IN_FRAMEWORK_HEADER = YES;
				CLANG_WARN_RANGE_LOOP_ANALYSIS = YES;
				CLANG_WARN_STRICT_PROTOTYPES = YES;
				CLANG_WARN_SUSPICIOUS_MOVE = YES;
				CLANG_WARN_UNGUARDED_AVAILABILITY = YES_AGGRESSIVE;
				CLANG_WARN_UNREACHABLE_CODE = YES;
				CLANG_WARN__DUPLICATE_METHOD_MATCH = YES;
				COPY_PHASE_STRIP = NO;
				DEBUG_INFORMATION_FORMAT = "dwarf-with-dsym";
				ENABLE_NS_ASSERTIONS = NO;
				ENABLE_STRICT_OBJC_MSGSEND = YES;
				GCC_C_LANGUAGE_STANDARD = gnu11;
				GCC_NO_COMMON_BLOCKS = YES;
				GCC_WARN_64_TO_32_BIT_CONVERSION = YES;
				GCC_WARN_ABOUT_RETURN_TYPE = YES_ERROR;
				GCC_WARN_UNDECLARED_SELECTOR = YES;
				GCC_WARN_UNINITIALIZED_AUTOS = YES_AGGRESSIVE;
				GCC_WARN_UNUSED_FUNCTION = YES;
				GCC_WARN_UNUSED_VARIABLE = YES;
				IPHONEOS_DEPLOYMENT_TARGET = 15.2;
				MTL_ENABLE_DEBUG_INFO = NO;
				MTL_FAST_MATH = YES;
				SDKROOT = iphoneos;
				SWIFT_COMPILATION_MODE = wholemodule;
				SWIFT_OPTIMIZATION_LEVEL = "-O";
				VALIDATE_PRODUCT = YES;
			};
			name = Release;
		};
		040945C828EC41D900D872BE /* Debug */ = {
			isa = XCBuildConfiguration;
			buildSettings = {
				ASSETCATALOG_COMPILER_APPICON_NAME = AppIcon;
				ASSETCATALOG_COMPILER_GLOBAL_ACCENT_COLOR_NAME = AccentColor;
				CODE_SIGN_STYLE = Automatic;
				CURRENT_PROJECT_VERSION = 1;
				DEVELOPMENT_TEAM = 3HT7RUT642;
				GENERATE_INFOPLIST_FILE = YES;
				INFOPLIST_FILE = "Social Media/Info.plist";
				INFOPLIST_KEY_UIApplicationSupportsIndirectInputEvents = YES;
				INFOPLIST_KEY_UILaunchStoryboardName = LaunchScreen;
				INFOPLIST_KEY_UIMainStoryboardFile = Main;
				INFOPLIST_KEY_UISupportedInterfaceOrientations_iPad = "UIInterfaceOrientationPortrait UIInterfaceOrientationPortraitUpsideDown UIInterfaceOrientationLandscapeLeft UIInterfaceOrientationLandscapeRight";
				INFOPLIST_KEY_UISupportedInterfaceOrientations_iPhone = "UIInterfaceOrientationPortrait UIInterfaceOrientationLandscapeLeft UIInterfaceOrientationLandscapeRight";
				LD_RUNPATH_SEARCH_PATHS = (
					"$(inherited)",
					"@executable_path/Frameworks",
				);
				MARKETING_VERSION = 1.0;
				PRODUCT_BUNDLE_IDENTIFIER = "amira.soued.Social-Media";
				PRODUCT_NAME = "$(TARGET_NAME)";
				SWIFT_EMIT_LOC_STRINGS = YES;
				SWIFT_VERSION = 5.0;
				TARGETED_DEVICE_FAMILY = "1,2";
			};
			name = Debug;
		};
		040945C928EC41D900D872BE /* Release */ = {
			isa = XCBuildConfiguration;
			buildSettings = {
				ASSETCATALOG_COMPILER_APPICON_NAME = AppIcon;
				ASSETCATALOG_COMPILER_GLOBAL_ACCENT_COLOR_NAME = AccentColor;
				CODE_SIGN_STYLE = Automatic;
				CURRENT_PROJECT_VERSION = 1;
				DEVELOPMENT_TEAM = 3HT7RUT642;
				GENERATE_INFOPLIST_FILE = YES;
				INFOPLIST_FILE = "Social Media/Info.plist";
				INFOPLIST_KEY_UIApplicationSupportsIndirectInputEvents = YES;
				INFOPLIST_KEY_UILaunchStoryboardName = LaunchScreen;
				INFOPLIST_KEY_UIMainStoryboardFile = Main;
				INFOPLIST_KEY_UISupportedInterfaceOrientations_iPad = "UIInterfaceOrientationPortrait UIInterfaceOrientationPortraitUpsideDown UIInterfaceOrientationLandscapeLeft UIInterfaceOrientationLandscapeRight";
				INFOPLIST_KEY_UISupportedInterfaceOrientations_iPhone = "UIInterfaceOrientationPortrait UIInterfaceOrientationLandscapeLeft UIInterfaceOrientationLandscapeRight";
				LD_RUNPATH_SEARCH_PATHS = (
					"$(inherited)",
					"@executable_path/Frameworks",
				);
				MARKETING_VERSION = 1.0;
				PRODUCT_BUNDLE_IDENTIFIER = "amira.soued.Social-Media";
				PRODUCT_NAME = "$(TARGET_NAME)";
				SWIFT_EMIT_LOC_STRINGS = YES;
				SWIFT_VERSION = 5.0;
				TARGETED_DEVICE_FAMILY = "1,2";
			};
			name = Release;
		};
/* End XCBuildConfiguration section */

/* Begin XCConfigurationList section */
		040945AE28EC41D500D872BE /* Build configuration list for PBXProject "Social Media" */ = {
			isa = XCConfigurationList;
			buildConfigurations = (
				040945C528EC41D900D872BE /* Debug */,
				040945C628EC41D900D872BE /* Release */,
			);
			defaultConfigurationIsVisible = 0;
			defaultConfigurationName = Release;
		};
		040945C728EC41D900D872BE /* Build configuration list for PBXNativeTarget "Social Media" */ = {
			isa = XCConfigurationList;
			buildConfigurations = (
				040945C828EC41D900D872BE /* Debug */,
				040945C928EC41D900D872BE /* Release */,
			);
			defaultConfigurationIsVisible = 0;
			defaultConfigurationName = Release;
		};
/* End XCConfigurationList section */
	};
	rootObject = 040945AB28EC41D500D872BE /* Project object */;
}
